
Microsoft Visual Studio Solution File, Format Version 12.00
# Visual Studio Version 16
VisualStudioVersion = 16.0.30320.27
MinimumVisualStudioVersion = 10.0.40219.1
Project("{FAE04EC0-301F-11D3-BF4B-00C04F79EFBC}") = "Products", "Products\Products.csproj", "{559FA4DC-89AA-492B-8977-96CEF8D02554}"
EndProject
Global
	GlobalSection(SolutionConfigurationPlatforms) = preSolution
		Debug|Any CPU = Debug|Any CPU
		Release|Any CPU = Release|Any CPU
	EndGlobalSection
	GlobalSection(ProjectConfigurationPlatforms) = postSolution
		{559FA4DC-89AA-492B-8977-96CEF8D02554}.Debug|Any CPU.ActiveCfg = Debug|Any CPU
		{559FA4DC-89AA-492B-8977-96CEF8D02554}.Debug|Any CPU.Build.0 = Debug|Any CPU
		{559FA4DC-89AA-492B-8977-96CEF8D02554}.Release|Any CPU.ActiveCfg = Release|Any CPU
		{559FA4DC-89AA-492B-8977-96CEF8D02554}.Release|Any CPU.Build.0 = Release|Any CPU
	EndGlobalSection
	GlobalSection(SolutionProperties) = preSolution
		HideSolutionNode = FALSE
	EndGlobalSection
	GlobalSection(ExtensibilityGlobals) = postSolution
		SolutionGuid = {1ACF01AB-83EF-44B5-B23D-2ADB1EFD09F9}
	EndGlobalSection
EndGlobal
